
Microsoft Visual Studio Solution File, Format Version 12.00
# Visual Studio Version 16
VisualStudioVersion = 16.0.28822.285
MinimumVisualStudioVersion = 10.0.40219.1
Project("{FAE04EC0-301F-11D3-BF4B-00C04F79EFBC}") = "TimerBot", "TimerBot\TimerBot.csproj", "{0D63AEE3-B650-415D-B634-960F2548D148}"
EndProject
Global
	GlobalSection(SolutionConfigurationPlatforms) = preSolution
		Debug|Any CPU = Debug|Any CPU
		Release|Any CPU = Release|Any CPU
	EndGlobalSection
	GlobalSection(ProjectConfigurationPlatforms) = postSolution
		{0D63AEE3-B650-415D-B634-960F2548D148}.Debug|Any CPU.ActiveCfg = Debug|Any CPU
		{0D63AEE3-B650-415D-B634-960F2548D148}.Debug|Any CPU.Build.0 = Debug|Any CPU
		{0D63AEE3-B650-415D-B634-960F2548D148}.Release|Any CPU.ActiveCfg = Release|Any CPU
		{0D63AEE3-B650-415D-B634-960F2548D148}.Release|Any CPU.Build.0 = Release|Any CPU
	EndGlobalSection
	GlobalSection(SolutionProperties) = preSolution
		HideSolutionNode = FALSE
	EndGlobalSection
	GlobalSection(ExtensibilityGlobals) = postSolution
		SolutionGuid = {995F6534-7D61-45FA-B177-94193E39BDB9}
	EndGlobalSection
EndGlobal
